{
  "version": 4,
  "terraform_version": "1.13.5",
  "serial": 41,
  "lineage": "87960ea9-ca72-a320-3c2b-ee087d415434",
  "outputs": {
    "instance_id": {
      "value": "i-067db6028a02989cb",
      "type": "string"
    },
    "instance_private_ip": {
      "value": "172.31.28.50",
      "type": "string"
    },
    "instance_public_dns": {
      "value": "ec2-98-81-182-172.compute-1.amazonaws.com",
      "type": "string"
    },
    "instance_public_ip": {
      "value": "98.81.182.172",
      "type": "string"
    },
    "security_group_id": {
      "value": "sg-01239fa07669feaf4",
      "type": "string"
    },
    "snapshot_arn": {
      "value": "arn:aws:ec2:us-east-1::snapshot/snap-0190e9b1159e60912",
      "type": "string"
    },
    "snapshot_id": {
      "value": "snap-0190e9b1159e60912",
      "type": "string"
    },
    "ssh_command": {
      "value": "ssh -i ~/.ssh/test.pem ubuntu@98.81.182.172",
      "type": "string"
    }
  },
  "resources": [
    {
      "mode": "data",
      "type": "aws_ami",
      "name": "ubuntu",
      "provider": "provider[\"registry.terraform.io/hashicorp/aws\"]",
      "instances": [
        {
          "schema_version": 0,
          "attributes": {
            "architecture": "x86_64",
            "arn": "arn:aws:ec2:us-east-1::image/ami-0030e4319cbf4dbf2",
            "block_device_mappings": [
              {
                "device_name": "/dev/sda1",
                "ebs": {
                  "delete_on_termination": "true",
                  "encrypted": "false",
                  "iops": "0",
                  "snapshot_id": "snap-010008dab571f972a",
                  "throughput": "0",
                  "volume_initialization_rate": "0",
                  "volume_size": "8",
                  "volume_type": "gp2"
                },
                "no_device": "",
                "virtual_name": ""
              },
              {
                "device_name": "/dev/sdb",
                "ebs": {},
                "no_device": "",
                "virtual_name": "ephemeral0"
              },
              {
                "device_name": "/dev/sdc",
                "ebs": {},
                "no_device": "",
                "virtual_name": "ephemeral1"
              }
            ],
            "boot_mode": "uefi-preferred",
            "creation_date": "2025-12-12T06:54:36.000Z",
            "deprecation_time": "2027-12-12T06:54:36.000Z",
            "description": "Canonical, Ubuntu, 22.04, amd64 jammy image",
            "ena_support": true,
            "executable_users": null,
            "filter": [
              {
                "name": "name",
                "values": [
                  "ubuntu/images/hvm-ssd/ubuntu-jammy-22.04-amd64-server-*"
                ]
              },
              {
                "name": "virtualization-type",
                "values": [
                  "hvm"
                ]
              }
            ],
            "hypervisor": "xen",
            "id": "ami-0030e4319cbf4dbf2",
            "image_id": "ami-0030e4319cbf4dbf2",
            "image_location": "amazon/ubuntu/images/hvm-ssd/ubuntu-jammy-22.04-amd64-server-20251212",
            "image_owner_alias": "amazon",
            "image_type": "machine",
            "imds_support": "",
            "include_deprecated": false,
            "kernel_id": "",
            "last_launched_time": "",
            "most_recent": true,
            "name": "ubuntu/images/hvm-ssd/ubuntu-jammy-22.04-amd64-server-20251212",
            "name_regex": null,
            "owner_id": "099720109477",
            "owners": [
              "099720109477"
            ],
            "platform": "",
            "platform_details": "Linux/UNIX",
            "product_codes": [],
            "public": true,
            "ramdisk_id": "",
            "root_device_name": "/dev/sda1",
            "root_device_type": "ebs",
            "root_snapshot_id": "snap-010008dab571f972a",
            "sriov_net_support": "simple",
            "state": "available",
            "state_reason": {
              "code": "UNSET",
              "message": "UNSET"
            },
            "tags": {},
            "timeouts": null,
            "tpm_support": "",
            "uefi_data": null,
            "usage_operation": "RunInstances",
            "virtualization_type": "hvm"
          },
          "sensitive_attributes": [],
          "identity_schema_version": 0
        }
      ]
    },
    {
      "mode": "data",
      "type": "aws_ebs_volume",
      "name": "instance_root",
      "provider": "provider[\"registry.terraform.io/hashicorp/aws\"]",
      "instances": [
        {
          "index_key": 0,
          "schema_version": 0,
          "attributes": {
            "arn": "arn:aws:ec2:us-east-1:981161254796:volume/vol-0e18716c34a5b2cea",
            "availability_zone": "us-east-1b",
            "create_time": "2026-01-19T10:43:34Z",
            "encrypted": true,
            "filter": [
              {
                "name": "attachment.device",
                "values": [
                  "/dev/sda1",
                  "/dev/xvda"
                ]
              },
              {
                "name": "attachment.instance-id",
                "values": [
                  "i-067db6028a02989cb"
                ]
              }
            ],
            "id": "vol-0e18716c34a5b2cea",
            "iops": 3000,
            "kms_key_id": "arn:aws:kms:us-east-1:981161254796:key/97cd4865-4bee-4693-8194-d51d9e7e6432",
            "most_recent": true,
            "multi_attach_enabled": false,
            "outpost_arn": "",
            "size": 30,
            "snapshot_id": "snap-010008dab571f972a",
            "tags": {
              "Environment": "dev",
              "ManagedBy": "Terraform",
              "Project": "EC2-Terraform"
            },
            "throughput": 125,
            "timeouts": null,
            "volume_id": "vol-0e18716c34a5b2cea",
            "volume_type": "gp3"
          },
          "sensitive_attributes": [],
          "identity_schema_version": 0
        }
      ]
    },
    {
      "mode": "managed",
      "type": "aws_ebs_snapshot",
      "name": "backup",
      "provider": "provider[\"registry.terraform.io/hashicorp/aws\"]",
      "instances": [
        {
          "index_key": 0,
          "schema_version": 0,
          "attributes": {
            "arn": "arn:aws:ec2:us-east-1::snapshot/snap-0190e9b1159e60912",
            "data_encryption_key_id": "",
            "description": "Backup of my-ec2-instance",
            "encrypted": true,
            "id": "snap-0190e9b1159e60912",
            "kms_key_id": "arn:aws:kms:us-east-1:981161254796:key/97cd4865-4bee-4693-8194-d51d9e7e6432",
            "outpost_arn": "",
            "owner_alias": "",
            "owner_id": "981161254796",
            "permanent_restore": null,
            "storage_tier": "standard",
            "tags": {
              "CreatedBy": "Terraform",
              "Environment": "dev",
              "InstanceId": "i-067db6028a02989cb",
              "Name": "my-ec2-instance-snapshot-2026-01-19-1046"
            },
            "tags_all": {
              "CreatedBy": "Terraform",
              "Environment": "dev",
              "InstanceId": "i-067db6028a02989cb",
              "ManagedBy": "Terraform",
              "Name": "my-ec2-instance-snapshot-2026-01-19-1046",
              "Project": "EC2-Terraform"
            },
            "temporary_restore_days": null,
            "timeouts": null,
            "volume_id": "vol-0e18716c34a5b2cea",
            "volume_size": 30
          },
          "sensitive_attributes": [],
          "identity_schema_version": 0,
          "private": "eyJlMmJmYjczMC1lY2FhLTExZTYtOGY4OC0zNDM2M2JjN2M0YzAiOnsiY3JlYXRlIjo2MDAwMDAwMDAwMDAsImRlbGV0ZSI6NjAwMDAwMDAwMDAwfX0=",
          "dependencies": [
            "aws_ami.restored",
            "aws_instance.main",
            "aws_security_group.ec2_sg",
            "data.aws_ami.ubuntu",
            "data.aws_ebs_volume.instance_root"
          ]
        }
      ]
    },
    {
      "mode": "managed",
      "type": "aws_instance",
      "name": "main",
      "provider": "provider[\"registry.terraform.io/hashicorp/aws\"]",
      "instances": [
        {
          "schema_version": 1,
          "attributes": {
            "ami": "ami-0030e4319cbf4dbf2",
            "arn": "arn:aws:ec2:us-east-1:981161254796:instance/i-067db6028a02989cb",
            "associate_public_ip_address": true,
            "availability_zone": "us-east-1b",
            "capacity_reservation_specification": [
              {
                "capacity_reservation_preference": "open",
                "capacity_reservation_target": []
              }
            ],
            "cpu_core_count": 1,
            "cpu_options": [
              {
                "amd_sev_snp": "",
                "core_count": 1,
                "threads_per_core": 1
              }
            ],
            "cpu_threads_per_core": 1,
            "credit_specification": [
              {
                "cpu_credits": "standard"
              }
            ],
            "disable_api_stop": false,
            "disable_api_termination": false,
            "ebs_block_device": [],
            "ebs_optimized": false,
            "enable_primary_ipv6": null,
            "enclave_options": [
              {
                "enabled": false
              }
            ],
            "ephemeral_block_device": [],
            "get_password_data": false,
            "hibernation": false,
            "host_id": "",
            "host_resource_group_arn": null,
            "iam_instance_profile": "",
            "id": "i-067db6028a02989cb",
            "instance_initiated_shutdown_behavior": "stop",
            "instance_lifecycle": "",
            "instance_market_options": [],
            "instance_state": "running",
            "instance_type": "t2.micro",
            "ipv6_address_count": 0,
            "ipv6_addresses": [],
            "key_name": "test",
            "launch_template": [],
            "maintenance_options": [
              {
                "auto_recovery": "default"
              }
            ],
            "metadata_options": [
              {
                "http_endpoint": "enabled",
                "http_protocol_ipv6": "disabled",
                "http_put_response_hop_limit": 1,
                "http_tokens": "required",
                "instance_metadata_tags": "disabled"
              }
            ],
            "monitoring": false,
            "network_interface": [],
            "outpost_arn": "",
            "password_data": "",
            "placement_group": "",
            "placement_partition_number": 0,
            "primary_network_interface_id": "eni-003858b8bb5d4bf9e",
            "private_dns": "ip-172-31-28-50.ec2.internal",
            "private_dns_name_options": [
              {
                "enable_resource_name_dns_a_record": false,
                "enable_resource_name_dns_aaaa_record": false,
                "hostname_type": "ip-name"
              }
            ],
            "private_ip": "172.31.28.50",
            "public_dns": "ec2-98-81-182-172.compute-1.amazonaws.com",
            "public_ip": "98.81.182.172",
            "root_block_device": [
              {
                "delete_on_termination": true,
                "device_name": "/dev/sda1",
                "encrypted": true,
                "iops": 3000,
                "kms_key_id": "arn:aws:kms:us-east-1:981161254796:key/97cd4865-4bee-4693-8194-d51d9e7e6432",
                "tags": {},
                "tags_all": {
                  "Environment": "dev",
                  "ManagedBy": "Terraform",
                  "Project": "EC2-Terraform"
                },
                "throughput": 125,
                "volume_id": "vol-0e18716c34a5b2cea",
                "volume_size": 30,
                "volume_type": "gp3"
              }
            ],
            "secondary_private_ips": [],
            "security_groups": [
              "my-ec2-instance-sg"
            ],
            "source_dest_check": true,
            "spot_instance_request_id": "",
            "subnet_id": "subnet-0c374fcccbed1d7af",
            "tags": {
              "Name": "my-ec2-instance"
            },
            "tags_all": {
              "Environment": "dev",
              "ManagedBy": "Terraform",
              "Name": "my-ec2-instance",
              "Project": "EC2-Terraform"
            },
            "tenancy": "default",
            "timeouts": null,
            "user_data": "",
            "user_data_base64": null,
            "user_data_replace_on_change": false,
            "volume_tags": null,
            "vpc_security_group_ids": [
              "sg-01239fa07669feaf4"
            ]
          },
          "sensitive_attributes": [],
          "identity_schema_version": 0,
          "private": "eyJlMmJmYjczMC1lY2FhLTExZTYtOGY4OC0zNDM2M2JjN2M0YzAiOnsiY3JlYXRlIjo2MDAwMDAwMDAwMDAsImRlbGV0ZSI6MTIwMDAwMDAwMDAwMCwicmVhZCI6OTAwMDAwMDAwMDAwLCJ1cGRhdGUiOjYwMDAwMDAwMDAwMH0sInNjaGVtYV92ZXJzaW9uIjoiMSJ9",
          "dependencies": [
            "aws_ami.restored",
            "aws_security_group.ec2_sg",
            "data.aws_ami.ubuntu"
          ]
        }
      ]
    },
    {
      "mode": "managed",
      "type": "aws_security_group",
      "name": "ec2_sg",
      "provider": "provider[\"registry.terraform.io/hashicorp/aws\"]",
      "instances": [
        {
          "schema_version": 1,
          "attributes": {
            "arn": "arn:aws:ec2:us-east-1:981161254796:security-group/sg-01239fa07669feaf4",
            "description": "Security group for my-ec2-instance EC2 instance",
            "egress": [
              {
                "cidr_blocks": [
                  "0.0.0.0/0"
                ],
                "description": "Allow all outbound traffic",
                "from_port": 0,
                "ipv6_cidr_blocks": [],
                "prefix_list_ids": [],
                "protocol": "-1",
                "security_groups": [],
                "self": false,
                "to_port": 0
              }
            ],
            "id": "sg-01239fa07669feaf4",
            "ingress": [
              {
                "cidr_blocks": [
                  "0.0.0.0/0"
                ],
                "description": "HTTP",
                "from_port": 80,
                "ipv6_cidr_blocks": [],
                "prefix_list_ids": [],
                "protocol": "tcp",
                "security_groups": [],
                "self": false,
                "to_port": 80
              },
              {
                "cidr_blocks": [
                  "0.0.0.0/0"
                ],
                "description": "HTTPS",
                "from_port": 443,
                "ipv6_cidr_blocks": [],
                "prefix_list_ids": [],
                "protocol": "tcp",
                "security_groups": [],
                "self": false,
                "to_port": 443
              },
              {
                "cidr_blocks": [
                  "0.0.0.0/0"
                ],
                "description": "SSH",
                "from_port": 22,
                "ipv6_cidr_blocks": [],
                "prefix_list_ids": [],
                "protocol": "tcp",
                "security_groups": [],
                "self": false,
                "to_port": 22
              }
            ],
            "name": "my-ec2-instance-sg",
            "name_prefix": "",
            "owner_id": "981161254796",
            "revoke_rules_on_delete": false,
            "tags": {
              "Name": "my-ec2-instance-sg"
            },
            "tags_all": {
              "Environment": "dev",
              "ManagedBy": "Terraform",
              "Name": "my-ec2-instance-sg",
              "Project": "EC2-Terraform"
            },
            "timeouts": null,
            "vpc_id": "vpc-0054e65af1b7f23ce"
          },
          "sensitive_attributes": [],
          "identity_schema_version": 0,
          "private": "eyJlMmJmYjczMC1lY2FhLTExZTYtOGY4OC0zNDM2M2JjN2M0YzAiOnsiY3JlYXRlIjo2MDAwMDAwMDAwMDAsImRlbGV0ZSI6OTAwMDAwMDAwMDAwfSwic2NoZW1hX3ZlcnNpb24iOiIxIn0="
        }
      ]
    }
  ],
  "check_results": null
}
